{
  "name": "react-voodoo-perf-compare",
  "version": "1.0.0",
  "lockfileVersion": 3,
  "requires": true,
  "packages": {
    "": {
      "name": "react-voodoo-perf-compare",
      "version": "1.0.0",
      "dependencies": {
        "animejs": "^3.2.2",
        "gsap": "^3.12.5",
        "popmotion": "^11.0.5"
      }
    },
    "node_modules/animejs": {
      "version": "3.2.2",
      "resolved": "https://registry.npmjs.org/animejs/-/animejs-3.2.2.tgz",
      "integrity": "sha512-Ao95qWLpDPXXM+WrmwcKbl6uNlC5tjnowlaRYtuVDHHoygjtIPfDUoK9NthrlZsQSKjZXlmji2TrBUAVbiH0LQ=="
    },
    "node_modules/framesync": {
      "version": "6.1.2",
      "resolved": "https://registry.npmjs.org/framesync/-/framesync-6.1.2.tgz",
      "integrity": "sha512-jBTqhX6KaQVDyus8muwZbBeGGP0XgujBRbQ7gM7BRdS3CadCZIHiawyzYLnafYcvZIh5j8WE7cxZKFn7dXhu9g==",
      "dependencies": {
        "tslib": "2.4.0"
      }
    },
    "node_modules/gsap": {
      "version": "3.14.2",
      "resolved": "https://registry.npmjs.org/gsap/-/gsap-3.14.2.tgz",
      "integrity": "sha512-P8/mMxVLU7o4+55+1TCnQrPmgjPKnwkzkXOK1asnR9Jg2lna4tEY5qBJjMmAaOBDDZWtlRjBXjLa0w53G/uBLA=="
    },
    "node_modules/hey-listen": {
      "version": "1.0.8",
      "resolved": "https://registry.npmjs.org/hey-listen/-/hey-listen-1.0.8.tgz",
      "integrity": "sha512-COpmrF2NOg4TBWUJ5UVyaCU2A88wEMkUPK4hNqyCkqHbxT92BbvfjoSozkAIIm6XhicGlJHhFdullInrdhwU8Q=="
    },
    "node_modules/popmotion": {
      "version": "11.0.5",
      "resolved": "https://registry.npmjs.org/popmotion/-/popmotion-11.0.5.tgz",
      "integrity": "sha512-la8gPM1WYeFznb/JqF4GiTkRRPZsfaj2+kCxqQgr2MJylMmIKUwBfWW8Wa5fml/8gmtlD5yI01MP1QCZPWmppA==",
      "dependencies": {
        "framesync": "6.1.2",
        "hey-listen": "^1.0.8",
        "style-value-types": "5.1.2",
        "tslib": "2.4.0"
      }
    },
    "node_modules/style-value-types": {
      "version": "5.1.2",
      "resolved": "https://registry.npmjs.org/style-value-types/-/style-value-types-5.1.2.tgz",
      "integrity": "sha512-Vs9fNreYF9j6W2VvuDTP7kepALi7sk0xtk2Tu8Yxi9UoajJdEVpNpCov0HsLTqXvNGKX+Uv09pkozVITi1jf3Q==",
      "dependencies": {
        "hey-listen": "^1.0.8",
        "tslib": "2.4.0"
      }
    },
    "node_modules/tslib": {
      "version": "2.4.0",
      "resolved": "https://registry.npmjs.org/tslib/-/tslib-2.4.0.tgz",
      "integrity": "sha512-d6xOpEDfsi2CZVlPQzGeux8XMwLT9hssAsaPYExaQMuYskwb+x1x7J371tWlbBdWHroy99KnVB6qIkUbs5X3UQ=="
    }
  }
}
